// !$*UTF8*$!
{
	archiveVersion = 1;
	classes = {
	};
	objectVersion = 48;
	objects = {

/* Begin PBXBuildFile section */
		8F65E6FB205E524C0045947E /* AppDelegate.swift in Sources */ = {isa = PBXBuildFile; fileRef = 8F65E6FA205E524C0045947E /* AppDelegate.swift */; };
		8F65E6FD205E524C0045947E /* ViewController.swift in Sources */ = {isa = PBXBuildFile; fileRef = 8F65E6FC205E524C0045947E /* ViewController.swift */; };
		8F65E700205E524C0045947E /* Main.storyboard in Resources */ = {isa = PBXBuildFile; fileRef = 8F65E6FE205E524C0045947E /* Main.storyboard */; };
		8F65E702205E524C0045947E /* Assets.xcassets in Resources */ = {isa = PBXBuildFile; fileRef = 8F65E701205E524C0045947E /* Assets.xcassets */; };
		8F65E705205E524C0045947E /* LaunchScreen.storyboard in Resources */ = {isa = PBXBuildFile; fileRef = 8F65E703205E524C0045947E /* LaunchScreen.storyboard */; };
		8F65E710205E524C0045947E /* AlbumAppTests.swift in Sources */ = {isa = PBXBuildFile; fileRef = 8F65E70F205E524C0045947E /* AlbumAppTests.swift */; };
		8F65E71B205E524C0045947E /* AlbumAppUITests.swift in Sources */ = {isa = PBXBuildFile; fileRef = 8F65E71A205E524C0045947E /* AlbumAppUITests.swift */; };
		8F65E729205E52870045947E /* AlbumAppImages in Resources */ = {isa = PBXBuildFile; fileRef = 8F65E728205E52870045947E /* AlbumAppImages */; };
/* End PBXBuildFile section */

/* Begin PBXContainerItemProxy section */
		8F65E70C205E524C0045947E /* PBXContainerItemProxy */ = {
			isa = PBXContainerItemProxy;
			containerPortal = 8F65E6EF205E524C0045947E /* Project object */;
			proxyType = 1;
			remoteGlobalIDString = 8F65E6F6205E524C0045947E;
			remoteInfo = AlbumApp;
		};
		8F65E717205E524C0045947E /* PBXContainerItemProxy */ = {
			isa = PBXContainerItemProxy;
			containerPortal = 8F65E6EF205E524C0045947E /* Project object */;
			proxyType = 1;
			remoteGlobalIDString = 8F65E6F6205E524C0045947E;
			remoteInfo = AlbumApp;
		};
/* End PBXContainerItemProxy section */

/* Begin PBXFileReference section */
		8F65E6F7205E524C0045947E /* AlbumApp.app */ = {isa = PBXFileReference; explicitFileType = wrapper.application; includeInIndex = 0; path = AlbumApp.app; sourceTree = BUILT_PRODUCTS_DIR; };
		8F65E6FA205E524C0045947E /* AppDelegate.swift */ = {isa = PBXFileReference; lastKnownFileType = sourcecode.swift; path = AppDelegate.swift; sourceTree = "<group>"; };
		8F65E6FC205E524C0045947E /* ViewController.swift */ = {isa = PBXFileReference; lastKnownFileType = sourcecode.swift; path = ViewController.swift; sourceTree = "<group>"; };
		8F65E6FF205E524C0045947E /* Base */ = {isa = PBXFileReference; lastKnownFileType = file.storyboard; name = Base; path = Base.lproj/Main.storyboard; sourceTree = "<group>"; };
		8F65E701205E524C0045947E /* Assets.xcassets */ = {isa = PBXFileReference; lastKnownFileType = folder.assetcatalog; path = Assets.xcassets; sourceTree = "<group>"; };
		8F65E704205E524C0045947E /* Base */ = {isa = PBXFileReference; lastKnownFileType = file.storyboard; name = Base; path = Base.lproj/LaunchScreen.storyboard; sourceTree = "<group>"; };
		8F65E706205E524C0045947E /* Info.plist */ = {isa = PBXFileReference; lastKnownFileType = text.plist.xml; path = Info.plist; sourceTree = "<group>"; };
		8F65E70B205E524C0045947E /* AlbumAppTests.xctest */ = {isa = PBXFileReference; explicitFileType = wrapper.cfbundle; includeInIndex = 0; path = AlbumAppTests.xctest; sourceTree = BUILT_PRODUCTS_DIR; };
		8F65E70F205E524C0045947E /* AlbumAppTests.swift */ = {isa = PBXFileReference; lastKnownFileType = sourcecode.swift; path = AlbumAppTests.swift; sourceTree = "<group>"; };
		8F65E711205E524C0045947E /* Info.plist */ = {isa = PBXFileReference; lastKnownFileType = text.plist.xml; path = Info.plist; sourceTree = "<group>"; };
		8F65E716205E524C0045947E /* AlbumAppUITests.xctest */ = {isa = PBXFileReference; explicitFileType = wrapper.cfbundle; includeInIndex = 0; path = AlbumAppUITests.xctest; sourceTree = BUILT_PRODUCTS_DIR; };
		8F65E71A205E524C0045947E /* AlbumAppUITests.swift */ = {isa = PBXFileReference; lastKnownFileType = sourcecode.swift; path = AlbumAppUITests.swift; sourceTree = "<group>"; };
		8F65E71C205E524C0045947E /* Info.plist */ = {isa = PBXFileReference; lastKnownFileType = text.plist.xml; path = Info.plist; sourceTree = "<group>"; };
		8F65E728205E52870045947E /* AlbumAppImages */ = {isa = PBXFileReference; lastKnownFileType = folder; name = AlbumAppImages; path = ../../../../Downloads/AlbumAppImages; sourceTree = "<group>"; };
/* End PBXFileReference section */

/* Begin PBXFrameworksBuildPhase section */
		8F65E6F4205E524C0045947E /* Frameworks */ = {
			isa = PBXFrameworksBuildPhase;
			buildActionMask = 2147483647;
			files = (
			);
			runOnlyForDeploymentPostprocessing = 0;
		};
		8F65E708205E524C0045947E /* Frameworks */ = {
			isa = PBXFrameworksBuildPhase;
			buildActionMask = 2147483647;
			files = (
			);
			runOnlyForDeploymentPostprocessing = 0;
		};
		8F65E713205E524C0045947E /* Frameworks */ = {
			isa = PBXFrameworksBuildPhase;
			buildActionMask = 2147483647;
			files = (
			);
			runOnlyForDeploymentPostprocessing = 0;
		};
/* End PBXFrameworksBuildPhase section */

/* Begin PBXGroup section */
		8F65E6EE205E524C0045947E = {
			isa = PBXGroup;
			children = (
				8F65E728205E52870045947E /* AlbumAppImages */,
				8F65E6F9205E524C0045947E /* AlbumApp */,
				8F65E70E205E524C0045947E /* AlbumAppTests */,
				8F65E719205E524C0045947E /* AlbumAppUITests */,
				8F65E6F8205E524C0045947E /* Products */,
			);
			sourceTree = "<group>";
		};
		8F65E6F8205E524C0045947E /* Products */ = {
			isa = PBXGroup;
			children = (
				8F65E6F7205E524C0045947E /* AlbumApp.app */,
				8F65E70B205E524C0045947E /* AlbumAppTests.xctest */,
				8F65E716205E524C0045947E /* AlbumAppUITests.xctest */,
			);
			name = Products;
			sourceTree = "<group>";
		};
		8F65E6F9205E524C0045947E /* AlbumApp */ = {
			isa = PBXGroup;
			children = (
				8F65E6FA205E524C0045947E /* AppDelegate.swift */,
				8F65E6FC205E524C0045947E /* ViewController.swift */,
				8F65E6FE205E524C0045947E /* Main.storyboard */,
				8F65E701205E524C0045947E /* Assets.xcassets */,
				8F65E703205E524C0045947E /* LaunchScreen.storyboard */,
				8F65E706205E524C0045947E /* Info.plist */,
			);
			path = AlbumApp;
			sourceTree = "<group>";
		};
		8F65E70E205E524C0045947E /* AlbumAppTests */ = {
			isa = PBXGroup;
			children = (
				8F65E70F205E524C0045947E /* AlbumAppTests.swift */,
				8F65E711205E524C0045947E /* Info.plist */,
			);
			path = AlbumAppTests;
			sourceTree = "<group>";
		};
		8F65E719205E524C0045947E /* AlbumAppUITests */ = {
			isa = PBXGroup;
			children = (
				8F65E71A205E524C0045947E /* AlbumAppUITests.swift */,
				8F65E71C205E524C0045947E /* Info.plist */,
			);
			path = AlbumAppUITests;
			sourceTree = "<group>";
		};
/* End PBXGroup section */

/* Begin PBXNativeTarget section */
		8F65E6F6205E524C0045947E /* AlbumApp */ = {
			isa = PBXNativeTarget;
			buildConfigurationList = 8F65E71F205E524C0045947E /* Build configuration list for PBXNativeTarget "AlbumApp" */;
			buildPhases = (
				8F65E6F3205E524C0045947E /* Sources */,
				8F65E6F4205E524C0045947E /* Frameworks */,
				8F65E6F5205E524C0045947E /* Resources */,
			);
			buildRules = (
			);
			dependencies = (
			);
			name = AlbumApp;
			productName = AlbumApp;
			productReference = 8F65E6F7205E524C0045947E /* AlbumApp.app */;
			productType = "com.apple.product-type.application";
		};
		8F65E70A205E524C0045947E /* AlbumAppTests */ = {
			isa = PBXNativeTarget;
			buildConfigurationList = 8F65E722205E524C0045947E /* Build configuration list for PBXNativeTarget "AlbumAppTests" */;
			buildPhases = (
				8F65E707205E524C0045947E /* Sources */,
				8F65E708205E524C0045947E /* Frameworks */,
				8F65E709205E524C0045947E /* Resources */,
			);
			buildRules = (
			);
			dependencies = (
				8F65E70D205E524C0045947E /* PBXTargetDependency */,
			);
			name = AlbumAppTests;
			productName = AlbumAppTests;
			productReference = 8F65E70B205E524C0045947E /* AlbumAppTests.xctest */;
			productType = "com.apple.product-type.bundle.unit-test";
		};
		8F65E715205E524C0045947E /* AlbumAppUITests */ = {
			isa = PBXNativeTarget;
			buildConfigurationList = 8F65E725205E524C0045947E /* Build configuration list for PBXNativeTarget "AlbumAppUITests" */;
			buildPhases = (
				8F65E712205E524C0045947E /* Sources */,
				8F65E713205E524C0045947E /* Frameworks */,
				8F65E714205E524C0045947E /* Resources */,
			);
			buildRules = (
			);
			dependencies = (
				8F65E718205E524C0045947E /* PBXTargetDependency */,
			);
			name = AlbumAppUITests;
			productName = AlbumAppUITests;
			productReference = 8F65E716205E524C0045947E /* AlbumAppUITests.xctest */;
			productType = "com.apple.product-type.bundle.ui-testing";
		};
/* End PBXNativeTarget section */

/* Begin PBXProject section */
		8F65E6EF205E524C0045947E /* Project object */ = {
			isa = PBXProject;
			attributes = {
				LastSwiftUpdateCheck = 0920;
				LastUpgradeCheck = 0920;
				ORGANIZATIONNAME = "Ryosuke Umeki";
				TargetAttributes = {
					8F65E6F6205E524C0045947E = {
						CreatedOnToolsVersion = 9.2;
						ProvisioningStyle = Automatic;
					};
					8F65E70A205E524C0045947E = {
						CreatedOnToolsVersion = 9.2;
						ProvisioningStyle = Automatic;
						TestTargetID = 8F65E6F6205E524C0045947E;
					};
					8F65E715205E524C0045947E = {
						CreatedOnToolsVersion = 9.2;
						ProvisioningStyle = Automatic;
						TestTargetID = 8F65E6F6205E524C0045947E;
					};
				};
			};
			buildConfigurationList = 8F65E6F2205E524C0045947E /* Build configuration list for PBXProject "AlbumApp" */;
			compatibilityVersion = "Xcode 8.0";
			developmentRegion = en;
			hasScannedForEncodings = 0;
			knownRegions = (
				en,
				Base,
			);
			mainGroup = 8F65E6EE205E524C0045947E;
			productRefGroup = 8F65E6F8205E524C0045947E /* Products */;
			projectDirPath = "";
			projectRoot = "";
			targets = (
				8F65E6F6205E524C0045947E /* AlbumApp */,
				8F65E70A205E524C0045947E /* AlbumAppTests */,
				8F65E715205E524C0045947E /* AlbumAppUITests */,
			);
		};
/* End PBXProject section */

/* Begin PBXResourcesBuildPhase section */
		8F65E6F5205E524C0045947E /* Resources */ = {
			isa = PBXResourcesBuildPhase;
			buildActionMask = 2147483647;
			files = (
				8F65E705205E524C0045947E /* LaunchScreen.storyboard in Resources */,
				8F65E702205E524C0045947E /* Assets.xcassets in Resources */,
				8F65E729205E52870045947E /* AlbumAppImages in Resources */,
				8F65E700205E524C0045947E /* Main.storyboard in Resources */,
			);
			runOnlyForDeploymentPostprocessing = 0;
		};
		8F65E709205E524C0045947E /* Resources */ = {
			isa = PBXResourcesBuildPhase;
			buildActionMask = 2147483647;
			files = (
			);
			runOnlyForDeploymentPostprocessing = 0;
		};
		8F65E714205E524C0045947E /* Resources */ = {
			isa = PBXResourcesBuildPhase;
			buildActionMask = 2147483647;
			files = (
			);
			runOnlyForDeploymentPostprocessing = 0;
		};
/* End PBXResourcesBuildPhase section */

/* Begin PBXSourcesBuildPhase section */
		8F65E6F3205E524C0045947E /* Sources */ = {
			isa = PBXSourcesBuildPhase;
			buildActionMask = 2147483647;
			files = (
				8F65E6FD205E524C0045947E /* ViewController.swift in Sources */,
				8F65E6FB205E524C0045947E /* AppDelegate.swift in Sources */,
			);
			runOnlyForDeploymentPostprocessing = 0;
		};
		8F65E707205E524C0045947E /* Sources */ = {
			isa = PBXSourcesBuildPhase;
			buildActionMask = 2147483647;
			files = (
				8F65E710205E524C0045947E /* AlbumAppTests.swift in Sources */,
			);
			runOnlyForDeploymentPostprocessing = 0;
		};
		8F65E712205E524C0045947E /* Sources */ = {
			isa = PBXSourcesBuildPhase;
			buildActionMask = 2147483647;
			files = (
				8F65E71B205E524C0045947E /* AlbumAppUITests.swift in Sources */,
			);
			runOnlyForDeploymentPostprocessing = 0;
		};
/* End PBXSourcesBuildPhase section */

/* Begin PBXTargetDependency section */
		8F65E70D205E524C0045947E /* PBXTargetDependency */ = {
			isa = PBXTargetDependency;
			target = 8F65E6F6205E524C0045947E /* AlbumApp */;
			targetProxy = 8F65E70C205E524C0045947E /* PBXContainerItemProxy */;
		};
		8F65E718205E524C0045947E /* PBXTargetDependency */ = {
			isa = PBXTargetDependency;
			target = 8F65E6F6205E524C0045947E /* AlbumApp */;
			targetProxy = 8F65E717205E524C0045947E /* PBXContainerItemProxy */;
		};
/* End PBXTargetDependency section */

/* Begin PBXVariantGroup section */
		8F65E6FE205E524C0045947E /* Main.storyboard */ = {
			isa = PBXVariantGroup;
			children = (
				8F65E6FF205E524C0045947E /* Base */,
			);
			name = Main.storyboard;
			sourceTree = "<group>";
		};
		8F65E703205E524C0045947E /* LaunchScreen.storyboard */ = {
			isa = PBXVariantGroup;
			children = (
				8F65E704205E524C0045947E /* Base */,
			);
			name = LaunchScreen.storyboard;
			sourceTree = "<group>";
		};
/* End PBXVariantGroup section */

/* Begin XCBuildConfiguration section */
		8F65E71D205E524C0045947E /* Debug */ = {
			isa = XCBuildConfiguration;
			buildSettings = {
				ALWAYS_SEARCH_USER_PATHS = NO;
				CLANG_ANALYZER_NONNULL = YES;
				CLANG_ANALYZER_NUMBER_OBJECT_CONVERSION = YES_AGGRESSIVE;
				CLANG_CXX_LANGUAGE_STANDARD = "gnu++14";
				CLANG_CXX_LIBRARY = "libc++";
				CLANG_ENABLE_MODULES = YES;
				CLANG_ENABLE_OBJC_ARC = YES;
				CLANG_WARN_BLOCK_CAPTURE_AUTORELEASING = YES;
				CLANG_WARN_BOOL_CONVERSION = YES;
				CLANG_WARN_COMMA = YES;
				CLANG_WARN_CONSTANT_CONVERSION = YES;
				CLANG_WARN_DIRECT_OBJC_ISA_USAGE = YES_ERROR;
				CLANG_WARN_DOCUMENTATION_COMMENTS = YES;
				CLANG_WARN_EMPTY_BODY = YES;
				CLANG_WARN_ENUM_CONVERSION = YES;
				CLANG_WARN_INFINITE_RECURSION = YES;
				CLANG_WARN_INT_CONVERSION = YES;
				CLANG_WARN_NON_LITERAL_NULL_CONVERSION = YES;
				CLANG_WARN_OBJC_LITERAL_CONVERSION = YES;
				CLANG_WARN_OBJC_ROOT_CLASS = YES_ERROR;
				CLANG_WARN_RANGE_LOOP_ANALYSIS = YES;
				CLANG_WARN_STRICT_PROTOTYPES = YES;
				CLANG_WARN_SUSPICIOUS_MOVE = YES;
				CLANG_WARN_UNGUARDED_AVAILABILITY = YES_AGGRESSIVE;
				CLANG_WARN_UNREACHABLE_CODE = YES;
				CLANG_WARN__DUPLICATE_METHOD_MATCH = YES;
				CODE_SIGN_IDENTITY = "iPhone Developer";
				COPY_PHASE_STRIP = NO;
				DEBUG_INFORMATION_FORMAT = dwarf;
				ENABLE_STRICT_OBJC_MSGSEND = YES;
				ENABLE_TESTABILITY = YES;
				GCC_C_LANGUAGE_STANDARD = gnu11;
				GCC_DYNAMIC_NO_PIC = NO;
				GCC_NO_COMMON_BLOCKS = YES;
				GCC_OPTIMIZATION_LEVEL = 0;
				GCC_PREPROCESSOR_DEFINITIONS = (
					"DEBUG=1",
					"$(inherited)",
				);
				GCC_WARN_64_TO_32_BIT_CONVERSION = YES;
				GCC_WARN_ABOUT_RETURN_TYPE = YES_ERROR;
				GCC_WARN_UNDECLARED_SELECTOR = YES;
				GCC_WARN_UNINITIALIZED_AUTOS = YES_AGGRESSIVE;
				GCC_WARN_UNUSED_FUNCTION = YES;
				GCC_WARN_UNUSED_VARIABLE = YES;
				IPHONEOS_DEPLOYMENT_TARGET = 11.2;
				MTL_ENABLE_DEBUG_INFO = YES;
				ONLY_ACTIVE_ARCH = YES;
				SDKROOT = iphoneos;
				SWIFT_ACTIVE_COMPILATION_CONDITIONS = DEBUG;
				SWIFT_OPTIMIZATION_LEVEL = "-Onone";
			};
			name = Debug;
		};
		8F65E71E205E524C0045947E /* Release */ = {
			isa = XCBuildConfiguration;
			buildSettings = {
				ALWAYS_SEARCH_USER_PATHS = NO;
				CLANG_ANALYZER_NONNULL = YES;
				CLANG_ANALYZER_NUMBER_OBJECT_CONVERSION = YES_AGGRESSIVE;
				CLANG_CXX_LANGUAGE_STANDARD = "gnu++14";
				CLANG_CXX_LIBRARY = "libc++";
				CLANG_ENABLE_MODULES = YES;
				CLANG_ENABLE_OBJC_ARC = YES;
				CLANG_WARN_BLOCK_CAPTURE_AUTORELEASING = YES;
				CLANG_WARN_BOOL_CONVERSION = YES;
				CLANG_WARN_COMMA = YES;
				CLANG_WARN_CONSTANT_CONVERSION = YES;
				CLANG_WARN_DIRECT_OBJC_ISA_USAGE = YES_ERROR;
				CLANG_WARN_DOCUMENTATION_COMMENTS = YES;
				CLANG_WARN_EMPTY_BODY = YES;
				CLANG_WARN_ENUM_CONVERSION = YES;
				CLANG_WARN_INFINITE_RECURSION = YES;
				CLANG_WARN_INT_CONVERSION = YES;
				CLANG_WARN_NON_LITERAL_NULL_CONVERSION = YES;
				CLANG_WARN_OBJC_LITERAL_CONVERSION = YES;
				CLANG_WARN_OBJC_ROOT_CLASS = YES_ERROR;
				CLANG_WARN_RANGE_LOOP_ANALYSIS = YES;
				CLANG_WARN_STRICT_PROTOTYPES = YES;
				CLANG_WARN_SUSPICIOUS_MOVE = YES;
				CLANG_WARN_UNGUARDED_AVAILABILITY = YES_AGGRESSIVE;
				CLANG_WARN_UNREACHABLE_CODE = YES;
				CLANG_WARN__DUPLICATE_METHOD_MATCH = YES;
				CODE_SIGN_IDENTITY = "iPhone Developer";
				COPY_PHASE_STRIP = NO;
				DEBUG_INFORMATION_FORMAT = "dwarf-with-dsym";
				ENABLE_NS_ASSERTIONS = NO;
				ENABLE_STRICT_OBJC_MSGSEND = YES;
				GCC_C_LANGUAGE_STANDARD = gnu11;
				GCC_NO_COMMON_BLOCKS = YES;
				GCC_WARN_64_TO_32_BIT_CONVERSION = YES;
				GCC_WARN_ABOUT_RETURN_TYPE = YES_ERROR;
				GCC_WARN_UNDECLARED_SELECTOR = YES;
				GCC_WARN_UNINITIALIZED_AUTOS = YES_AGGRESSIVE;
				GCC_WARN_UNUSED_FUNCTION = YES;
				GCC_WARN_UNUSED_VARIABLE = YES;
				IPHONEOS_DEPLOYMENT_TARGET = 11.2;
				MTL_ENABLE_DEBUG_INFO = NO;
				SDKROOT = iphoneos;
				SWIFT_OPTIMIZATION_LEVEL = "-Owholemodule";
				VALIDATE_PRODUCT = YES;
			};
			name = Release;
		};
		8F65E720205E524C0045947E /* Debug */ = {
			isa = XCBuildConfiguration;
			buildSettings = {
				ASSETCATALOG_COMPILER_APPICON_NAME = AppIcon;
				CODE_SIGN_STYLE = Automatic;
				INFOPLIST_FILE = AlbumApp/Info.plist;
				LD_RUNPATH_SEARCH_PATHS = "$(inherited) @executable_path/Frameworks";
				PRODUCT_BUNDLE_IDENTIFIER = romukey.AlbumApp;
				PRODUCT_NAME = "$(TARGET_NAME)";
				SWIFT_VERSION = 4.0;
				TARGETED_DEVICE_FAMILY = "1,2";
			};
			name = Debug;
		};
		8F65E721205E524C0045947E /* Release */ = {
			isa = XCBuildConfiguration;
			buildSettings = {
				ASSETCATALOG_COMPILER_APPICON_NAME = AppIcon;
				CODE_SIGN_STYLE = Automatic;
				INFOPLIST_FILE = AlbumApp/Info.plist;
				LD_RUNPATH_SEARCH_PATHS = "$(inherited) @executable_path/Frameworks";
				PRODUCT_BUNDLE_IDENTIFIER = romukey.AlbumApp;
				PRODUCT_NAME = "$(TARGET_NAME)";
				SWIFT_VERSION = 4.0;
				TARGETED_DEVICE_FAMILY = "1,2";
			};
			name = Release;
		};
		8F65E723205E524C0045947E /* Debug */ = {
			isa = XCBuildConfiguration;
			buildSettings = {
				ALWAYS_EMBED_SWIFT_STANDARD_LIBRARIES = YES;
				BUNDLE_LOADER = "$(TEST_HOST)";
				CODE_SIGN_STYLE = Automatic;
				INFOPLIST_FILE = AlbumAppTests/Info.plist;
				LD_RUNPATH_SEARCH_PATHS = "$(inherited) @executable_path/Frameworks @loader_path/Frameworks";
				PRODUCT_BUNDLE_IDENTIFIER = romukey.AlbumAppTests;
				PRODUCT_NAME = "$(TARGET_NAME)";
				SWIFT_VERSION = 4.0;
				TARGETED_DEVICE_FAMILY = "1,2";
				TEST_HOST = "$(BUILT_PRODUCTS_DIR)/AlbumApp.app/AlbumApp";
			};
			name = Debug;
		};
		8F65E724205E524C0045947E /* Release */ = {
			isa = XCBuildConfiguration;
			buildSettings = {
				ALWAYS_EMBED_SWIFT_STANDARD_LIBRARIES = YES;
				BUNDLE_LOADER = "$(TEST_HOST)";
				CODE_SIGN_STYLE = Automatic;
				INFOPLIST_FILE = AlbumAppTests/Info.plist;
				LD_RUNPATH_SEARCH_PATHS = "$(inherited) @executable_path/Frameworks @loader_path/Frameworks";
				PRODUCT_BUNDLE_IDENTIFIER = romukey.AlbumAppTests;
				PRODUCT_NAME = "$(TARGET_NAME)";
				SWIFT_VERSION = 4.0;
				TARGETED_DEVICE_FAMILY = "1,2";
				TEST_HOST = "$(BUILT_PRODUCTS_DIR)/AlbumApp.app/AlbumApp";
			};
			name = Release;
		};
		8F65E726205E524C0045947E /* Debug */ = {
			isa = XCBuildConfiguration;
			buildSettings = {
				ALWAYS_EMBED_SWIFT_STANDARD_LIBRARIES = YES;
				CODE_SIGN_STYLE = Automatic;
				INFOPLIST_FILE = AlbumAppUITests/Info.plist;
				LD_RUNPATH_SEARCH_PATHS = "$(inherited) @executable_path/Frameworks @loader_path/Frameworks";
				PRODUCT_BUNDLE_IDENTIFIER = romukey.AlbumAppUITests;
				PRODUCT_NAME = "$(TARGET_NAME)";
				SWIFT_VERSION = 4.0;
				TARGETED_DEVICE_FAMILY = "1,2";
				TEST_TARGET_NAME = AlbumApp;
			};
			name = Debug;
		};
		8F65E727205E524C0045947E /* Release */ = {
			isa = XCBuildConfiguration;
			buildSettings = {
				ALWAYS_EMBED_SWIFT_STANDARD_LIBRARIES = YES;
				CODE_SIGN_STYLE = Automatic;
				INFOPLIST_FILE = AlbumAppUITests/Info.plist;
				LD_RUNPATH_SEARCH_PATHS = "$(inherited) @executable_path/Frameworks @loader_path/Frameworks";
				PRODUCT_BUNDLE_IDENTIFIER = romukey.AlbumAppUITests;
				PRODUCT_NAME = "$(TARGET_NAME)";
				SWIFT_VERSION = 4.0;
				TARGETED_DEVICE_FAMILY = "1,2";
				TEST_TARGET_NAME = AlbumApp;
			};
			name = Release;
		};
/* End XCBuildConfiguration section */

/* Begin XCConfigurationList section */
		8F65E6F2205E524C0045947E /* Build configuration list for PBXProject "AlbumApp" */ = {
			isa = XCConfigurationList;
			buildConfigurations = (
				8F65E71D205E524C0045947E /* Debug */,
				8F65E71E205E524C0045947E /* Release */,
			);
			defaultConfigurationIsVisible = 0;
			defaultConfigurationName = Release;
		};
		8F65E71F205E524C0045947E /* Build configuration list for PBXNativeTarget "AlbumApp" */ = {
			isa = XCConfigurationList;
			buildConfigurations = (
				8F65E720205E524C0045947E /* Debug */,
				8F65E721205E524C0045947E /* Release */,
			);
			defaultConfigurationIsVisible = 0;
			defaultConfigurationName = Release;
		};
		8F65E722205E524C0045947E /* Build configuration list for PBXNativeTarget "AlbumAppTests" */ = {
			isa = XCConfigurationList;
			buildConfigurations = (
				8F65E723205E524C0045947E /* Debug */,
				8F65E724205E524C0045947E /* Release */,
			);
			defaultConfigurationIsVisible = 0;
			defaultConfigurationName = Release;
		};
		8F65E725205E524C0045947E /* Build configuration list for PBXNativeTarget "AlbumAppUITests" */ = {
			isa = XCConfigurationList;
			buildConfigurations = (
				8F65E726205E524C0045947E /* Debug */,
				8F65E727205E524C0045947E /* Release */,
			);
			defaultConfigurationIsVisible = 0;
			defaultConfigurationName = Release;
		};
/* End XCConfigurationList section */
	};
	rootObject = 8F65E6EF205E524C0045947E /* Project object */;
}
