// !$*UTF8*$!
{
	archiveVersion = 1;
	classes = {
	};
	objectVersion = 48;
	objects = {

/* Begin PBXBuildFile section */
		8F13408D205E5B21005F4C7F /* AppDelegate.swift in Sources */ = {isa = PBXBuildFile; fileRef = 8F13408C205E5B21005F4C7F /* AppDelegate.swift */; };
		8F13408F205E5B21005F4C7F /* ViewController.swift in Sources */ = {isa = PBXBuildFile; fileRef = 8F13408E205E5B21005F4C7F /* ViewController.swift */; };
		8F134092205E5B21005F4C7F /* Main.storyboard in Resources */ = {isa = PBXBuildFile; fileRef = 8F134090205E5B21005F4C7F /* Main.storyboard */; };
		8F134094205E5B21005F4C7F /* Assets.xcassets in Resources */ = {isa = PBXBuildFile; fileRef = 8F134093205E5B21005F4C7F /* Assets.xcassets */; };
		8F134097205E5B21005F4C7F /* LaunchScreen.storyboard in Resources */ = {isa = PBXBuildFile; fileRef = 8F134095205E5B21005F4C7F /* LaunchScreen.storyboard */; };
		8F1340A2205E5B21005F4C7F /* AlbumAppTests.swift in Sources */ = {isa = PBXBuildFile; fileRef = 8F1340A1205E5B21005F4C7F /* AlbumAppTests.swift */; };
		8F1340AD205E5B21005F4C7F /* AlbumAppUITests.swift in Sources */ = {isa = PBXBuildFile; fileRef = 8F1340AC205E5B21005F4C7F /* AlbumAppUITests.swift */; };
		8F134116205E5B46005F4C7F /* 8.png in Resources */ = {isa = PBXBuildFile; fileRef = 8F1340F8205E5B46005F4C7F /* 8.png */; };
		8F134117205E5B46005F4C7F /* 9.png in Resources */ = {isa = PBXBuildFile; fileRef = 8F1340F9205E5B46005F4C7F /* 9.png */; };
		8F134118205E5B46005F4C7F /* 14.png in Resources */ = {isa = PBXBuildFile; fileRef = 8F1340FA205E5B46005F4C7F /* 14.png */; };
		8F134119205E5B46005F4C7F /* 28.png in Resources */ = {isa = PBXBuildFile; fileRef = 8F1340FB205E5B46005F4C7F /* 28.png */; };
		8F13411A205E5B46005F4C7F /* 29.png in Resources */ = {isa = PBXBuildFile; fileRef = 8F1340FC205E5B46005F4C7F /* 29.png */; };
		8F13411B205E5B46005F4C7F /* 15.png in Resources */ = {isa = PBXBuildFile; fileRef = 8F1340FD205E5B46005F4C7F /* 15.png */; };
		8F13411C205E5B46005F4C7F /* 17.png in Resources */ = {isa = PBXBuildFile; fileRef = 8F1340FE205E5B46005F4C7F /* 17.png */; };
		8F13411D205E5B46005F4C7F /* 16.png in Resources */ = {isa = PBXBuildFile; fileRef = 8F1340FF205E5B46005F4C7F /* 16.png */; };
		8F13411E205E5B46005F4C7F /* 12.png in Resources */ = {isa = PBXBuildFile; fileRef = 8F134100205E5B46005F4C7F /* 12.png */; };
		8F13411F205E5B46005F4C7F /* 13.png in Resources */ = {isa = PBXBuildFile; fileRef = 8F134101205E5B46005F4C7F /* 13.png */; };
		8F134120205E5B46005F4C7F /* 11.png in Resources */ = {isa = PBXBuildFile; fileRef = 8F134102205E5B46005F4C7F /* 11.png */; };
		8F134121205E5B46005F4C7F /* 10.png in Resources */ = {isa = PBXBuildFile; fileRef = 8F134103205E5B46005F4C7F /* 10.png */; };
		8F134122205E5B46005F4C7F /* 21.png in Resources */ = {isa = PBXBuildFile; fileRef = 8F134104205E5B46005F4C7F /* 21.png */; };
		8F134123205E5B46005F4C7F /* 20.png in Resources */ = {isa = PBXBuildFile; fileRef = 8F134105205E5B46005F4C7F /* 20.png */; };
		8F134124205E5B46005F4C7F /* 22.png in Resources */ = {isa = PBXBuildFile; fileRef = 8F134106205E5B46005F4C7F /* 22.png */; };
		8F134125205E5B46005F4C7F /* 23.png in Resources */ = {isa = PBXBuildFile; fileRef = 8F134107205E5B46005F4C7F /* 23.png */; };
		8F134126205E5B46005F4C7F /* 27.png in Resources */ = {isa = PBXBuildFile; fileRef = 8F134108205E5B46005F4C7F /* 27.png */; };
		8F134127205E5B46005F4C7F /* 26.png in Resources */ = {isa = PBXBuildFile; fileRef = 8F134109205E5B46005F4C7F /* 26.png */; };
		8F134128205E5B46005F4C7F /* 18.png in Resources */ = {isa = PBXBuildFile; fileRef = 8F13410A205E5B46005F4C7F /* 18.png */; };
		8F134129205E5B46005F4C7F /* 30.png in Resources */ = {isa = PBXBuildFile; fileRef = 8F13410B205E5B46005F4C7F /* 30.png */; };
		8F13412A205E5B46005F4C7F /* 24.png in Resources */ = {isa = PBXBuildFile; fileRef = 8F13410C205E5B46005F4C7F /* 24.png */; };
		8F13412B205E5B46005F4C7F /* 25.png in Resources */ = {isa = PBXBuildFile; fileRef = 8F13410D205E5B46005F4C7F /* 25.png */; };
		8F13412C205E5B46005F4C7F /* 19.png in Resources */ = {isa = PBXBuildFile; fileRef = 8F13410E205E5B46005F4C7F /* 19.png */; };
		8F13412D205E5B46005F4C7F /* 4.png in Resources */ = {isa = PBXBuildFile; fileRef = 8F13410F205E5B46005F4C7F /* 4.png */; };
		8F13412E205E5B46005F4C7F /* 5.png in Resources */ = {isa = PBXBuildFile; fileRef = 8F134110205E5B46005F4C7F /* 5.png */; };
		8F13412F205E5B46005F4C7F /* 7.png in Resources */ = {isa = PBXBuildFile; fileRef = 8F134111205E5B46005F4C7F /* 7.png */; };
		8F134130205E5B46005F4C7F /* 6.png in Resources */ = {isa = PBXBuildFile; fileRef = 8F134112205E5B46005F4C7F /* 6.png */; };
		8F134131205E5B46005F4C7F /* 2.png in Resources */ = {isa = PBXBuildFile; fileRef = 8F134113205E5B46005F4C7F /* 2.png */; };
		8F134132205E5B46005F4C7F /* 3.png in Resources */ = {isa = PBXBuildFile; fileRef = 8F134114205E5B46005F4C7F /* 3.png */; };
		8F134133205E5B46005F4C7F /* 1.png in Resources */ = {isa = PBXBuildFile; fileRef = 8F134115205E5B46005F4C7F /* 1.png */; };
/* End PBXBuildFile section */

/* Begin PBXContainerItemProxy section */
		8F13409E205E5B21005F4C7F /* PBXContainerItemProxy */ = {
			isa = PBXContainerItemProxy;
			containerPortal = 8F134081205E5B20005F4C7F /* Project object */;
			proxyType = 1;
			remoteGlobalIDString = 8F134088205E5B21005F4C7F;
			remoteInfo = AlbumApp;
		};
		8F1340A9205E5B21005F4C7F /* PBXContainerItemProxy */ = {
			isa = PBXContainerItemProxy;
			containerPortal = 8F134081205E5B20005F4C7F /* Project object */;
			proxyType = 1;
			remoteGlobalIDString = 8F134088205E5B21005F4C7F;
			remoteInfo = AlbumApp;
		};
/* End PBXContainerItemProxy section */

/* Begin PBXFileReference section */
		8F134089205E5B21005F4C7F /* AlbumApp.app */ = {isa = PBXFileReference; explicitFileType = wrapper.application; includeInIndex = 0; path = AlbumApp.app; sourceTree = BUILT_PRODUCTS_DIR; };
		8F13408C205E5B21005F4C7F /* AppDelegate.swift */ = {isa = PBXFileReference; lastKnownFileType = sourcecode.swift; path = AppDelegate.swift; sourceTree = "<group>"; };
		8F13408E205E5B21005F4C7F /* ViewController.swift */ = {isa = PBXFileReference; lastKnownFileType = sourcecode.swift; path = ViewController.swift; sourceTree = "<group>"; };
		8F134091205E5B21005F4C7F /* Base */ = {isa = PBXFileReference; lastKnownFileType = file.storyboard; name = Base; path = Base.lproj/Main.storyboard; sourceTree = "<group>"; };
		8F134093205E5B21005F4C7F /* Assets.xcassets */ = {isa = PBXFileReference; lastKnownFileType = folder.assetcatalog; path = Assets.xcassets; sourceTree = "<group>"; };
		8F134096205E5B21005F4C7F /* Base */ = {isa = PBXFileReference; lastKnownFileType = file.storyboard; name = Base; path = Base.lproj/LaunchScreen.storyboard; sourceTree = "<group>"; };
		8F134098205E5B21005F4C7F /* Info.plist */ = {isa = PBXFileReference; lastKnownFileType = text.plist.xml; path = Info.plist; sourceTree = "<group>"; };
		8F13409D205E5B21005F4C7F /* AlbumAppTests.xctest */ = {isa = PBXFileReference; explicitFileType = wrapper.cfbundle; includeInIndex = 0; path = AlbumAppTests.xctest; sourceTree = BUILT_PRODUCTS_DIR; };
		8F1340A1205E5B21005F4C7F /* AlbumAppTests.swift */ = {isa = PBXFileReference; lastKnownFileType = sourcecode.swift; path = AlbumAppTests.swift; sourceTree = "<group>"; };
		8F1340A3205E5B21005F4C7F /* Info.plist */ = {isa = PBXFileReference; lastKnownFileType = text.plist.xml; path = Info.plist; sourceTree = "<group>"; };
		8F1340A8205E5B21005F4C7F /* AlbumAppUITests.xctest */ = {isa = PBXFileReference; explicitFileType = wrapper.cfbundle; includeInIndex = 0; path = AlbumAppUITests.xctest; sourceTree = BUILT_PRODUCTS_DIR; };
		8F1340AC205E5B21005F4C7F /* AlbumAppUITests.swift */ = {isa = PBXFileReference; lastKnownFileType = sourcecode.swift; path = AlbumAppUITests.swift; sourceTree = "<group>"; };
		8F1340AE205E5B21005F4C7F /* Info.plist */ = {isa = PBXFileReference; lastKnownFileType = text.plist.xml; path = Info.plist; sourceTree = "<group>"; };
		8F1340F8205E5B46005F4C7F /* 8.png */ = {isa = PBXFileReference; lastKnownFileType = image.png; path = 8.png; sourceTree = "<group>"; };
		8F1340F9205E5B46005F4C7F /* 9.png */ = {isa = PBXFileReference; lastKnownFileType = image.png; path = 9.png; sourceTree = "<group>"; };
		8F1340FA205E5B46005F4C7F /* 14.png */ = {isa = PBXFileReference; lastKnownFileType = image.png; path = 14.png; sourceTree = "<group>"; };
		8F1340FB205E5B46005F4C7F /* 28.png */ = {isa = PBXFileReference; lastKnownFileType = image.png; path = 28.png; sourceTree = "<group>"; };
		8F1340FC205E5B46005F4C7F /* 29.png */ = {isa = PBXFileReference; lastKnownFileType = image.png; path = 29.png; sourceTree = "<group>"; };
		8F1340FD205E5B46005F4C7F /* 15.png */ = {isa = PBXFileReference; lastKnownFileType = image.png; path = 15.png; sourceTree = "<group>"; };
		8F1340FE205E5B46005F4C7F /* 17.png */ = {isa = PBXFileReference; lastKnownFileType = image.png; path = 17.png; sourceTree = "<group>"; };
		8F1340FF205E5B46005F4C7F /* 16.png */ = {isa = PBXFileReference; lastKnownFileType = image.png; path = 16.png; sourceTree = "<group>"; };
		8F134100205E5B46005F4C7F /* 12.png */ = {isa = PBXFileReference; lastKnownFileType = image.png; path = 12.png; sourceTree = "<group>"; };
		8F134101205E5B46005F4C7F /* 13.png */ = {isa = PBXFileReference; lastKnownFileType = image.png; path = 13.png; sourceTree = "<group>"; };
		8F134102205E5B46005F4C7F /* 11.png */ = {isa = PBXFileReference; lastKnownFileType = image.png; path = 11.png; sourceTree = "<group>"; };
		8F134103205E5B46005F4C7F /* 10.png */ = {isa = PBXFileReference; lastKnownFileType = image.png; path = 10.png; sourceTree = "<group>"; };
		8F134104205E5B46005F4C7F /* 21.png */ = {isa = PBXFileReference; lastKnownFileType = image.png; path = 21.png; sourceTree = "<group>"; };
		8F134105205E5B46005F4C7F /* 20.png */ = {isa = PBXFileReference; lastKnownFileType = image.png; path = 20.png; sourceTree = "<group>"; };
		8F134106205E5B46005F4C7F /* 22.png */ = {isa = PBXFileReference; lastKnownFileType = image.png; path = 22.png; sourceTree = "<group>"; };
		8F134107205E5B46005F4C7F /* 23.png */ = {isa = PBXFileReference; lastKnownFileType = image.png; path = 23.png; sourceTree = "<group>"; };
		8F134108205E5B46005F4C7F /* 27.png */ = {isa = PBXFileReference; lastKnownFileType = image.png; path = 27.png; sourceTree = "<group>"; };
		8F134109205E5B46005F4C7F /* 26.png */ = {isa = PBXFileReference; lastKnownFileType = image.png; path = 26.png; sourceTree = "<group>"; };
		8F13410A205E5B46005F4C7F /* 18.png */ = {isa = PBXFileReference; lastKnownFileType = image.png; path = 18.png; sourceTree = "<group>"; };
		8F13410B205E5B46005F4C7F /* 30.png */ = {isa = PBXFileReference; lastKnownFileType = image.png; path = 30.png; sourceTree = "<group>"; };
		8F13410C205E5B46005F4C7F /* 24.png */ = {isa = PBXFileReference; lastKnownFileType = image.png; path = 24.png; sourceTree = "<group>"; };
		8F13410D205E5B46005F4C7F /* 25.png */ = {isa = PBXFileReference; lastKnownFileType = image.png; path = 25.png; sourceTree = "<group>"; };
		8F13410E205E5B46005F4C7F /* 19.png */ = {isa = PBXFileReference; lastKnownFileType = image.png; path = 19.png; sourceTree = "<group>"; };
		8F13410F205E5B46005F4C7F /* 4.png */ = {isa = PBXFileReference; lastKnownFileType = image.png; path = 4.png; sourceTree = "<group>"; };
		8F134110205E5B46005F4C7F /* 5.png */ = {isa = PBXFileReference; lastKnownFileType = image.png; path = 5.png; sourceTree = "<group>"; };
		8F134111205E5B46005F4C7F /* 7.png */ = {isa = PBXFileReference; lastKnownFileType = image.png; path = 7.png; sourceTree = "<group>"; };
		8F134112205E5B46005F4C7F /* 6.png */ = {isa = PBXFileReference; lastKnownFileType = image.png; path = 6.png; sourceTree = "<group>"; };
		8F134113205E5B46005F4C7F /* 2.png */ = {isa = PBXFileReference; lastKnownFileType = image.png; path = 2.png; sourceTree = "<group>"; };
		8F134114205E5B46005F4C7F /* 3.png */ = {isa = PBXFileReference; lastKnownFileType = image.png; path = 3.png; sourceTree = "<group>"; };
		8F134115205E5B46005F4C7F /* 1.png */ = {isa = PBXFileReference; lastKnownFileType = image.png; path = 1.png; sourceTree = "<group>"; };
/* End PBXFileReference section */

/* Begin PBXFrameworksBuildPhase section */
		8F134086205E5B21005F4C7F /* Frameworks */ = {
			isa = PBXFrameworksBuildPhase;
			buildActionMask = 2147483647;
			files = (
			);
			runOnlyForDeploymentPostprocessing = 0;
		};
		8F13409A205E5B21005F4C7F /* Frameworks */ = {
			isa = PBXFrameworksBuildPhase;
			buildActionMask = 2147483647;
			files = (
			);
			runOnlyForDeploymentPostprocessing = 0;
		};
		8F1340A5205E5B21005F4C7F /* Frameworks */ = {
			isa = PBXFrameworksBuildPhase;
			buildActionMask = 2147483647;
			files = (
			);
			runOnlyForDeploymentPostprocessing = 0;
		};
/* End PBXFrameworksBuildPhase section */

/* Begin PBXGroup section */
		8F134080205E5B20005F4C7F = {
			isa = PBXGroup;
			children = (
				8F1340F7205E5B46005F4C7F /* AlbumAppImages */,
				8F13408B205E5B21005F4C7F /* AlbumApp */,
				8F1340A0205E5B21005F4C7F /* AlbumAppTests */,
				8F1340AB205E5B21005F4C7F /* AlbumAppUITests */,
				8F13408A205E5B21005F4C7F /* Products */,
			);
			sourceTree = "<group>";
		};
		8F13408A205E5B21005F4C7F /* Products */ = {
			isa = PBXGroup;
			children = (
				8F134089205E5B21005F4C7F /* AlbumApp.app */,
				8F13409D205E5B21005F4C7F /* AlbumAppTests.xctest */,
				8F1340A8205E5B21005F4C7F /* AlbumAppUITests.xctest */,
			);
			name = Products;
			sourceTree = "<group>";
		};
		8F13408B205E5B21005F4C7F /* AlbumApp */ = {
			isa = PBXGroup;
			children = (
				8F13408C205E5B21005F4C7F /* AppDelegate.swift */,
				8F13408E205E5B21005F4C7F /* ViewController.swift */,
				8F134090205E5B21005F4C7F /* Main.storyboard */,
				8F134093205E5B21005F4C7F /* Assets.xcassets */,
				8F134095205E5B21005F4C7F /* LaunchScreen.storyboard */,
				8F134098205E5B21005F4C7F /* Info.plist */,
			);
			path = AlbumApp;
			sourceTree = "<group>";
		};
		8F1340A0205E5B21005F4C7F /* AlbumAppTests */ = {
			isa = PBXGroup;
			children = (
				8F1340A1205E5B21005F4C7F /* AlbumAppTests.swift */,
				8F1340A3205E5B21005F4C7F /* Info.plist */,
			);
			path = AlbumAppTests;
			sourceTree = "<group>";
		};
		8F1340AB205E5B21005F4C7F /* AlbumAppUITests */ = {
			isa = PBXGroup;
			children = (
				8F1340AC205E5B21005F4C7F /* AlbumAppUITests.swift */,
				8F1340AE205E5B21005F4C7F /* Info.plist */,
			);
			path = AlbumAppUITests;
			sourceTree = "<group>";
		};
		8F1340F7205E5B46005F4C7F /* AlbumAppImages */ = {
			isa = PBXGroup;
			children = (
				8F1340F8205E5B46005F4C7F /* 8.png */,
				8F1340F9205E5B46005F4C7F /* 9.png */,
				8F1340FA205E5B46005F4C7F /* 14.png */,
				8F1340FB205E5B46005F4C7F /* 28.png */,
				8F1340FC205E5B46005F4C7F /* 29.png */,
				8F1340FD205E5B46005F4C7F /* 15.png */,
				8F1340FE205E5B46005F4C7F /* 17.png */,
				8F1340FF205E5B46005F4C7F /* 16.png */,
				8F134100205E5B46005F4C7F /* 12.png */,
				8F134101205E5B46005F4C7F /* 13.png */,
				8F134102205E5B46005F4C7F /* 11.png */,
				8F134103205E5B46005F4C7F /* 10.png */,
				8F134104205E5B46005F4C7F /* 21.png */,
				8F134105205E5B46005F4C7F /* 20.png */,
				8F134106205E5B46005F4C7F /* 22.png */,
				8F134107205E5B46005F4C7F /* 23.png */,
				8F134108205E5B46005F4C7F /* 27.png */,
				8F134109205E5B46005F4C7F /* 26.png */,
				8F13410A205E5B46005F4C7F /* 18.png */,
				8F13410B205E5B46005F4C7F /* 30.png */,
				8F13410C205E5B46005F4C7F /* 24.png */,
				8F13410D205E5B46005F4C7F /* 25.png */,
				8F13410E205E5B46005F4C7F /* 19.png */,
				8F13410F205E5B46005F4C7F /* 4.png */,
				8F134110205E5B46005F4C7F /* 5.png */,
				8F134111205E5B46005F4C7F /* 7.png */,
				8F134112205E5B46005F4C7F /* 6.png */,
				8F134113205E5B46005F4C7F /* 2.png */,
				8F134114205E5B46005F4C7F /* 3.png */,
				8F134115205E5B46005F4C7F /* 1.png */,
			);
			name = AlbumAppImages;
			path = ../../../../Downloads/AlbumAppImages;
			sourceTree = "<group>";
		};
/* End PBXGroup section */

/* Begin PBXNativeTarget section */
		8F134088205E5B21005F4C7F /* AlbumApp */ = {
			isa = PBXNativeTarget;
			buildConfigurationList = 8F1340B1205E5B21005F4C7F /* Build configuration list for PBXNativeTarget "AlbumApp" */;
			buildPhases = (
				8F134085205E5B21005F4C7F /* Sources */,
				8F134086205E5B21005F4C7F /* Frameworks */,
				8F134087205E5B21005F4C7F /* Resources */,
			);
			buildRules = (
			);
			dependencies = (
			);
			name = AlbumApp;
			productName = AlbumApp;
			productReference = 8F134089205E5B21005F4C7F /* AlbumApp.app */;
			productType = "com.apple.product-type.application";
		};
		8F13409C205E5B21005F4C7F /* AlbumAppTests */ = {
			isa = PBXNativeTarget;
			buildConfigurationList = 8F1340B4205E5B21005F4C7F /* Build configuration list for PBXNativeTarget "AlbumAppTests" */;
			buildPhases = (
				8F134099205E5B21005F4C7F /* Sources */,
				8F13409A205E5B21005F4C7F /* Frameworks */,
				8F13409B205E5B21005F4C7F /* Resources */,
			);
			buildRules = (
			);
			dependencies = (
				8F13409F205E5B21005F4C7F /* PBXTargetDependency */,
			);
			name = AlbumAppTests;
			productName = AlbumAppTests;
			productReference = 8F13409D205E5B21005F4C7F /* AlbumAppTests.xctest */;
			productType = "com.apple.product-type.bundle.unit-test";
		};
		8F1340A7205E5B21005F4C7F /* AlbumAppUITests */ = {
			isa = PBXNativeTarget;
			buildConfigurationList = 8F1340B7205E5B21005F4C7F /* Build configuration list for PBXNativeTarget "AlbumAppUITests" */;
			buildPhases = (
				8F1340A4205E5B21005F4C7F /* Sources */,
				8F1340A5205E5B21005F4C7F /* Frameworks */,
				8F1340A6205E5B21005F4C7F /* Resources */,
			);
			buildRules = (
			);
			dependencies = (
				8F1340AA205E5B21005F4C7F /* PBXTargetDependency */,
			);
			name = AlbumAppUITests;
			productName = AlbumAppUITests;
			productReference = 8F1340A8205E5B21005F4C7F /* AlbumAppUITests.xctest */;
			productType = "com.apple.product-type.bundle.ui-testing";
		};
/* End PBXNativeTarget section */

/* Begin PBXProject section */
		8F134081205E5B20005F4C7F /* Project object */ = {
			isa = PBXProject;
			attributes = {
				LastSwiftUpdateCheck = 0920;
				LastUpgradeCheck = 0920;
				ORGANIZATIONNAME = "Ryosuke Umeki";
				TargetAttributes = {
					8F134088205E5B21005F4C7F = {
						CreatedOnToolsVersion = 9.2;
						ProvisioningStyle = Automatic;
					};
					8F13409C205E5B21005F4C7F = {
						CreatedOnToolsVersion = 9.2;
						ProvisioningStyle = Automatic;
						TestTargetID = 8F134088205E5B21005F4C7F;
					};
					8F1340A7205E5B21005F4C7F = {
						CreatedOnToolsVersion = 9.2;
						ProvisioningStyle = Automatic;
						TestTargetID = 8F134088205E5B21005F4C7F;
					};
				};
			};
			buildConfigurationList = 8F134084205E5B20005F4C7F /* Build configuration list for PBXProject "AlbumApp" */;
			compatibilityVersion = "Xcode 8.0";
			developmentRegion = en;
			hasScannedForEncodings = 0;
			knownRegions = (
				en,
				Base,
			);
			mainGroup = 8F134080205E5B20005F4C7F;
			productRefGroup = 8F13408A205E5B21005F4C7F /* Products */;
			projectDirPath = "";
			projectRoot = "";
			targets = (
				8F134088205E5B21005F4C7F /* AlbumApp */,
				8F13409C205E5B21005F4C7F /* AlbumAppTests */,
				8F1340A7205E5B21005F4C7F /* AlbumAppUITests */,
			);
		};
/* End PBXProject section */

/* Begin PBXResourcesBuildPhase section */
		8F134087205E5B21005F4C7F /* Resources */ = {
			isa = PBXResourcesBuildPhase;
			buildActionMask = 2147483647;
			files = (
				8F134133205E5B46005F4C7F /* 1.png in Resources */,
				8F13411F205E5B46005F4C7F /* 13.png in Resources */,
				8F13411E205E5B46005F4C7F /* 12.png in Resources */,
				8F13411B205E5B46005F4C7F /* 15.png in Resources */,
				8F134127205E5B46005F4C7F /* 26.png in Resources */,
				8F134116205E5B46005F4C7F /* 8.png in Resources */,
				8F13412B205E5B46005F4C7F /* 25.png in Resources */,
				8F134097205E5B21005F4C7F /* LaunchScreen.storyboard in Resources */,
				8F134121205E5B46005F4C7F /* 10.png in Resources */,
				8F134131205E5B46005F4C7F /* 2.png in Resources */,
				8F134120205E5B46005F4C7F /* 11.png in Resources */,
				8F13412D205E5B46005F4C7F /* 4.png in Resources */,
				8F134132205E5B46005F4C7F /* 3.png in Resources */,
				8F134124205E5B46005F4C7F /* 22.png in Resources */,
				8F134094205E5B21005F4C7F /* Assets.xcassets in Resources */,
				8F134117205E5B46005F4C7F /* 9.png in Resources */,
				8F134126205E5B46005F4C7F /* 27.png in Resources */,
				8F13412C205E5B46005F4C7F /* 19.png in Resources */,
				8F134128205E5B46005F4C7F /* 18.png in Resources */,
				8F13411C205E5B46005F4C7F /* 17.png in Resources */,
				8F134123205E5B46005F4C7F /* 20.png in Resources */,
				8F13412F205E5B46005F4C7F /* 7.png in Resources */,
				8F13411A205E5B46005F4C7F /* 29.png in Resources */,
				8F134129205E5B46005F4C7F /* 30.png in Resources */,
				8F13411D205E5B46005F4C7F /* 16.png in Resources */,
				8F134125205E5B46005F4C7F /* 23.png in Resources */,
				8F134122205E5B46005F4C7F /* 21.png in Resources */,
				8F134130205E5B46005F4C7F /* 6.png in Resources */,
				8F134119205E5B46005F4C7F /* 28.png in Resources */,
				8F134118205E5B46005F4C7F /* 14.png in Resources */,
				8F13412E205E5B46005F4C7F /* 5.png in Resources */,
				8F134092205E5B21005F4C7F /* Main.storyboard in Resources */,
				8F13412A205E5B46005F4C7F /* 24.png in Resources */,
			);
			runOnlyForDeploymentPostprocessing = 0;
		};
		8F13409B205E5B21005F4C7F /* Resources */ = {
			isa = PBXResourcesBuildPhase;
			buildActionMask = 2147483647;
			files = (
			);
			runOnlyForDeploymentPostprocessing = 0;
		};
		8F1340A6205E5B21005F4C7F /* Resources */ = {
			isa = PBXResourcesBuildPhase;
			buildActionMask = 2147483647;
			files = (
			);
			runOnlyForDeploymentPostprocessing = 0;
		};
/* End PBXResourcesBuildPhase section */

/* Begin PBXSourcesBuildPhase section */
		8F134085205E5B21005F4C7F /* Sources */ = {
			isa = PBXSourcesBuildPhase;
			buildActionMask = 2147483647;
			files = (
				8F13408F205E5B21005F4C7F /* ViewController.swift in Sources */,
				8F13408D205E5B21005F4C7F /* AppDelegate.swift in Sources */,
			);
			runOnlyForDeploymentPostprocessing = 0;
		};
		8F134099205E5B21005F4C7F /* Sources */ = {
			isa = PBXSourcesBuildPhase;
			buildActionMask = 2147483647;
			files = (
				8F1340A2205E5B21005F4C7F /* AlbumAppTests.swift in Sources */,
			);
			runOnlyForDeploymentPostprocessing = 0;
		};
		8F1340A4205E5B21005F4C7F /* Sources */ = {
			isa = PBXSourcesBuildPhase;
			buildActionMask = 2147483647;
			files = (
				8F1340AD205E5B21005F4C7F /* AlbumAppUITests.swift in Sources */,
			);
			runOnlyForDeploymentPostprocessing = 0;
		};
/* End PBXSourcesBuildPhase section */

/* Begin PBXTargetDependency section */
		8F13409F205E5B21005F4C7F /* PBXTargetDependency */ = {
			isa = PBXTargetDependency;
			target = 8F134088205E5B21005F4C7F /* AlbumApp */;
			targetProxy = 8F13409E205E5B21005F4C7F /* PBXContainerItemProxy */;
		};
		8F1340AA205E5B21005F4C7F /* PBXTargetDependency */ = {
			isa = PBXTargetDependency;
			target = 8F134088205E5B21005F4C7F /* AlbumApp */;
			targetProxy = 8F1340A9205E5B21005F4C7F /* PBXContainerItemProxy */;
		};
/* End PBXTargetDependency section */

/* Begin PBXVariantGroup section */
		8F134090205E5B21005F4C7F /* Main.storyboard */ = {
			isa = PBXVariantGroup;
			children = (
				8F134091205E5B21005F4C7F /* Base */,
			);
			name = Main.storyboard;
			sourceTree = "<group>";
		};
		8F134095205E5B21005F4C7F /* LaunchScreen.storyboard */ = {
			isa = PBXVariantGroup;
			children = (
				8F134096205E5B21005F4C7F /* Base */,
			);
			name = LaunchScreen.storyboard;
			sourceTree = "<group>";
		};
/* End PBXVariantGroup section */

/* Begin XCBuildConfiguration section */
		8F1340AF205E5B21005F4C7F /* Debug */ = {
			isa = XCBuildConfiguration;
			buildSettings = {
				ALWAYS_SEARCH_USER_PATHS = NO;
				CLANG_ANALYZER_NONNULL = YES;
				CLANG_ANALYZER_NUMBER_OBJECT_CONVERSION = YES_AGGRESSIVE;
				CLANG_CXX_LANGUAGE_STANDARD = "gnu++14";
				CLANG_CXX_LIBRARY = "libc++";
				CLANG_ENABLE_MODULES = YES;
				CLANG_ENABLE_OBJC_ARC = YES;
				CLANG_WARN_BLOCK_CAPTURE_AUTORELEASING = YES;
				CLANG_WARN_BOOL_CONVERSION = YES;
				CLANG_WARN_COMMA = YES;
				CLANG_WARN_CONSTANT_CONVERSION = YES;
				CLANG_WARN_DIRECT_OBJC_ISA_USAGE = YES_ERROR;
				CLANG_WARN_DOCUMENTATION_COMMENTS = YES;
				CLANG_WARN_EMPTY_BODY = YES;
				CLANG_WARN_ENUM_CONVERSION = YES;
				CLANG_WARN_INFINITE_RECURSION = YES;
				CLANG_WARN_INT_CONVERSION = YES;
				CLANG_WARN_NON_LITERAL_NULL_CONVERSION = YES;
				CLANG_WARN_OBJC_LITERAL_CONVERSION = YES;
				CLANG_WARN_OBJC_ROOT_CLASS = YES_ERROR;
				CLANG_WARN_RANGE_LOOP_ANALYSIS = YES;
				CLANG_WARN_STRICT_PROTOTYPES = YES;
				CLANG_WARN_SUSPICIOUS_MOVE = YES;
				CLANG_WARN_UNGUARDED_AVAILABILITY = YES_AGGRESSIVE;
				CLANG_WARN_UNREACHABLE_CODE = YES;
				CLANG_WARN__DUPLICATE_METHOD_MATCH = YES;
				CODE_SIGN_IDENTITY = "iPhone Developer";
				COPY_PHASE_STRIP = NO;
				DEBUG_INFORMATION_FORMAT = dwarf;
				ENABLE_STRICT_OBJC_MSGSEND = YES;
				ENABLE_TESTABILITY = YES;
				GCC_C_LANGUAGE_STANDARD = gnu11;
				GCC_DYNAMIC_NO_PIC = NO;
				GCC_NO_COMMON_BLOCKS = YES;
				GCC_OPTIMIZATION_LEVEL = 0;
				GCC_PREPROCESSOR_DEFINITIONS = (
					"DEBUG=1",
					"$(inherited)",
				);
				GCC_WARN_64_TO_32_BIT_CONVERSION = YES;
				GCC_WARN_ABOUT_RETURN_TYPE = YES_ERROR;
				GCC_WARN_UNDECLARED_SELECTOR = YES;
				GCC_WARN_UNINITIALIZED_AUTOS = YES_AGGRESSIVE;
				GCC_WARN_UNUSED_FUNCTION = YES;
				GCC_WARN_UNUSED_VARIABLE = YES;
				IPHONEOS_DEPLOYMENT_TARGET = 11.2;
				MTL_ENABLE_DEBUG_INFO = YES;
				ONLY_ACTIVE_ARCH = YES;
				SDKROOT = iphoneos;
				SWIFT_ACTIVE_COMPILATION_CONDITIONS = DEBUG;
				SWIFT_OPTIMIZATION_LEVEL = "-Onone";
			};
			name = Debug;
		};
		8F1340B0205E5B21005F4C7F /* Release */ = {
			isa = XCBuildConfiguration;
			buildSettings = {
				ALWAYS_SEARCH_USER_PATHS = NO;
				CLANG_ANALYZER_NONNULL = YES;
				CLANG_ANALYZER_NUMBER_OBJECT_CONVERSION = YES_AGGRESSIVE;
				CLANG_CXX_LANGUAGE_STANDARD = "gnu++14";
				CLANG_CXX_LIBRARY = "libc++";
				CLANG_ENABLE_MODULES = YES;
				CLANG_ENABLE_OBJC_ARC = YES;
				CLANG_WARN_BLOCK_CAPTURE_AUTORELEASING = YES;
				CLANG_WARN_BOOL_CONVERSION = YES;
				CLANG_WARN_COMMA = YES;
				CLANG_WARN_CONSTANT_CONVERSION = YES;
				CLANG_WARN_DIRECT_OBJC_ISA_USAGE = YES_ERROR;
				CLANG_WARN_DOCUMENTATION_COMMENTS = YES;
				CLANG_WARN_EMPTY_BODY = YES;
				CLANG_WARN_ENUM_CONVERSION = YES;
				CLANG_WARN_INFINITE_RECURSION = YES;
				CLANG_WARN_INT_CONVERSION = YES;
				CLANG_WARN_NON_LITERAL_NULL_CONVERSION = YES;
				CLANG_WARN_OBJC_LITERAL_CONVERSION = YES;
				CLANG_WARN_OBJC_ROOT_CLASS = YES_ERROR;
				CLANG_WARN_RANGE_LOOP_ANALYSIS = YES;
				CLANG_WARN_STRICT_PROTOTYPES = YES;
				CLANG_WARN_SUSPICIOUS_MOVE = YES;
				CLANG_WARN_UNGUARDED_AVAILABILITY = YES_AGGRESSIVE;
				CLANG_WARN_UNREACHABLE_CODE = YES;
				CLANG_WARN__DUPLICATE_METHOD_MATCH = YES;
				CODE_SIGN_IDENTITY = "iPhone Developer";
				COPY_PHASE_STRIP = NO;
				DEBUG_INFORMATION_FORMAT = "dwarf-with-dsym";
				ENABLE_NS_ASSERTIONS = NO;
				ENABLE_STRICT_OBJC_MSGSEND = YES;
				GCC_C_LANGUAGE_STANDARD = gnu11;
				GCC_NO_COMMON_BLOCKS = YES;
				GCC_WARN_64_TO_32_BIT_CONVERSION = YES;
				GCC_WARN_ABOUT_RETURN_TYPE = YES_ERROR;
				GCC_WARN_UNDECLARED_SELECTOR = YES;
				GCC_WARN_UNINITIALIZED_AUTOS = YES_AGGRESSIVE;
				GCC_WARN_UNUSED_FUNCTION = YES;
				GCC_WARN_UNUSED_VARIABLE = YES;
				IPHONEOS_DEPLOYMENT_TARGET = 11.2;
				MTL_ENABLE_DEBUG_INFO = NO;
				SDKROOT = iphoneos;
				SWIFT_OPTIMIZATION_LEVEL = "-Owholemodule";
				VALIDATE_PRODUCT = YES;
			};
			name = Release;
		};
		8F1340B2205E5B21005F4C7F /* Debug */ = {
			isa = XCBuildConfiguration;
			buildSettings = {
				ASSETCATALOG_COMPILER_APPICON_NAME = AppIcon;
				CODE_SIGN_STYLE = Automatic;
				INFOPLIST_FILE = AlbumApp/Info.plist;
				LD_RUNPATH_SEARCH_PATHS = "$(inherited) @executable_path/Frameworks";
				PRODUCT_BUNDLE_IDENTIFIER = romukey.AlbumApp;
				PRODUCT_NAME = "$(TARGET_NAME)";
				SWIFT_VERSION = 4.0;
				TARGETED_DEVICE_FAMILY = "1,2";
			};
			name = Debug;
		};
		8F1340B3205E5B21005F4C7F /* Release */ = {
			isa = XCBuildConfiguration;
			buildSettings = {
				ASSETCATALOG_COMPILER_APPICON_NAME = AppIcon;
				CODE_SIGN_STYLE = Automatic;
				INFOPLIST_FILE = AlbumApp/Info.plist;
				LD_RUNPATH_SEARCH_PATHS = "$(inherited) @executable_path/Frameworks";
				PRODUCT_BUNDLE_IDENTIFIER = romukey.AlbumApp;
				PRODUCT_NAME = "$(TARGET_NAME)";
				SWIFT_VERSION = 4.0;
				TARGETED_DEVICE_FAMILY = "1,2";
			};
			name = Release;
		};
		8F1340B5205E5B21005F4C7F /* Debug */ = {
			isa = XCBuildConfiguration;
			buildSettings = {
				ALWAYS_EMBED_SWIFT_STANDARD_LIBRARIES = YES;
				BUNDLE_LOADER = "$(TEST_HOST)";
				CODE_SIGN_STYLE = Automatic;
				INFOPLIST_FILE = AlbumAppTests/Info.plist;
				LD_RUNPATH_SEARCH_PATHS = "$(inherited) @executable_path/Frameworks @loader_path/Frameworks";
				PRODUCT_BUNDLE_IDENTIFIER = romukey.AlbumAppTests;
				PRODUCT_NAME = "$(TARGET_NAME)";
				SWIFT_VERSION = 4.0;
				TARGETED_DEVICE_FAMILY = "1,2";
				TEST_HOST = "$(BUILT_PRODUCTS_DIR)/AlbumApp.app/AlbumApp";
			};
			name = Debug;
		};
		8F1340B6205E5B21005F4C7F /* Release */ = {
			isa = XCBuildConfiguration;
			buildSettings = {
				ALWAYS_EMBED_SWIFT_STANDARD_LIBRARIES = YES;
				BUNDLE_LOADER = "$(TEST_HOST)";
				CODE_SIGN_STYLE = Automatic;
				INFOPLIST_FILE = AlbumAppTests/Info.plist;
				LD_RUNPATH_SEARCH_PATHS = "$(inherited) @executable_path/Frameworks @loader_path/Frameworks";
				PRODUCT_BUNDLE_IDENTIFIER = romukey.AlbumAppTests;
				PRODUCT_NAME = "$(TARGET_NAME)";
				SWIFT_VERSION = 4.0;
				TARGETED_DEVICE_FAMILY = "1,2";
				TEST_HOST = "$(BUILT_PRODUCTS_DIR)/AlbumApp.app/AlbumApp";
			};
			name = Release;
		};
		8F1340B8205E5B21005F4C7F /* Debug */ = {
			isa = XCBuildConfiguration;
			buildSettings = {
				ALWAYS_EMBED_SWIFT_STANDARD_LIBRARIES = YES;
				CODE_SIGN_STYLE = Automatic;
				INFOPLIST_FILE = AlbumAppUITests/Info.plist;
				LD_RUNPATH_SEARCH_PATHS = "$(inherited) @executable_path/Frameworks @loader_path/Frameworks";
				PRODUCT_BUNDLE_IDENTIFIER = romukey.AlbumAppUITests;
				PRODUCT_NAME = "$(TARGET_NAME)";
				SWIFT_VERSION = 4.0;
				TARGETED_DEVICE_FAMILY = "1,2";
				TEST_TARGET_NAME = AlbumApp;
			};
			name = Debug;
		};
		8F1340B9205E5B21005F4C7F /* Release */ = {
			isa = XCBuildConfiguration;
			buildSettings = {
				ALWAYS_EMBED_SWIFT_STANDARD_LIBRARIES = YES;
				CODE_SIGN_STYLE = Automatic;
				INFOPLIST_FILE = AlbumAppUITests/Info.plist;
				LD_RUNPATH_SEARCH_PATHS = "$(inherited) @executable_path/Frameworks @loader_path/Frameworks";
				PRODUCT_BUNDLE_IDENTIFIER = romukey.AlbumAppUITests;
				PRODUCT_NAME = "$(TARGET_NAME)";
				SWIFT_VERSION = 4.0;
				TARGETED_DEVICE_FAMILY = "1,2";
				TEST_TARGET_NAME = AlbumApp;
			};
			name = Release;
		};
/* End XCBuildConfiguration section */

/* Begin XCConfigurationList section */
		8F134084205E5B20005F4C7F /* Build configuration list for PBXProject "AlbumApp" */ = {
			isa = XCConfigurationList;
			buildConfigurations = (
				8F1340AF205E5B21005F4C7F /* Debug */,
				8F1340B0205E5B21005F4C7F /* Release */,
			);
			defaultConfigurationIsVisible = 0;
			defaultConfigurationName = Release;
		};
		8F1340B1205E5B21005F4C7F /* Build configuration list for PBXNativeTarget "AlbumApp" */ = {
			isa = XCConfigurationList;
			buildConfigurations = (
				8F1340B2205E5B21005F4C7F /* Debug */,
				8F1340B3205E5B21005F4C7F /* Release */,
			);
			defaultConfigurationIsVisible = 0;
			defaultConfigurationName = Release;
		};
		8F1340B4205E5B21005F4C7F /* Build configuration list for PBXNativeTarget "AlbumAppTests" */ = {
			isa = XCConfigurationList;
			buildConfigurations = (
				8F1340B5205E5B21005F4C7F /* Debug */,
				8F1340B6205E5B21005F4C7F /* Release */,
			);
			defaultConfigurationIsVisible = 0;
			defaultConfigurationName = Release;
		};
		8F1340B7205E5B21005F4C7F /* Build configuration list for PBXNativeTarget "AlbumAppUITests" */ = {
			isa = XCConfigurationList;
			buildConfigurations = (
				8F1340B8205E5B21005F4C7F /* Debug */,
				8F1340B9205E5B21005F4C7F /* Release */,
			);
			defaultConfigurationIsVisible = 0;
			defaultConfigurationName = Release;
		};
/* End XCConfigurationList section */
	};
	rootObject = 8F134081205E5B20005F4C7F /* Project object */;
}
